
Microsoft Visual Studio Solution File, Format Version 12.00
# Visual Studio Version 16
VisualStudioVersion = 16.0.31025.194
MinimumVisualStudioVersion = 10.0.40219.1
Project("{FAE04EC0-301F-11D3-BF4B-00C04F79EFBC}") = "WhoAmI.App", "WhoAmI.App\WhoAmI.App.csproj", "{29578F09-FA31-4757-8982-FC36B804AEB1}"
EndProject
Global
	GlobalSection(SolutionConfigurationPlatforms) = preSolution
		Debug|Any CPU = Debug|Any CPU
		Release|Any CPU = Release|Any CPU
	EndGlobalSection
	GlobalSection(ProjectConfigurationPlatforms) = postSolution
		{29578F09-FA31-4757-8982-FC36B804AEB1}.Debug|Any CPU.ActiveCfg = Debug|Any CPU
		{29578F09-FA31-4757-8982-FC36B804AEB1}.Debug|Any CPU.Build.0 = Debug|Any CPU
		{29578F09-FA31-4757-8982-FC36B804AEB1}.Release|Any CPU.ActiveCfg = Release|Any CPU
		{29578F09-FA31-4757-8982-FC36B804AEB1}.Release|Any CPU.Build.0 = Release|Any CPU
	EndGlobalSection
	GlobalSection(SolutionProperties) = preSolution
		HideSolutionNode = FALSE
	EndGlobalSection
	GlobalSection(ExtensibilityGlobals) = postSolution
		SolutionGuid = {73820311-D3C6-46D0-8DDD-54E838B23C38}
	EndGlobalSection
EndGlobal
